{
  "requires": true,
  "lockfileVersion": 1,
  "dependencies": {
    "@types/mina": {
      "version": "0.4.1",
      "resolved": "https://registry.npmjs.org/@types/mina/-/mina-0.4.1.tgz",
      "integrity": "sha512-7iXlwgI5nbW7Jbg3Yui9ZQbaoV4ftq8c/2vI9cntPcqz5jRedPoL5yYk4uDxBSWsCtA8H9JEJgNLwSBL6K7dZQ=="
    },
    "@types/snapsvg": {
      "version": "0.5.0",
      "resolved": "https://registry.npmjs.org/@types/snapsvg/-/snapsvg-0.5.0.tgz",
      "integrity": "sha512-epmNLxsCGYvg1tSodnZo5bGJ24KD0hYnALXBhr1m0k1vcMYxjEx2PETlYrrGREzGvRQnDg850DhOtghRtoDVtg==",
      "requires": {
        "@types/mina": "*"
      }
    },
    "eve": {
      "version": "0.5.4",
      "resolved": "https://registry.npmjs.org/eve/-/eve-0.5.4.tgz",
      "integrity": "sha1-Z9CAuXJSkdfjieNMJoYN2X8d66o="
    },
    "snapsvg": {
      "version": "0.5.1",
      "resolved": "https://registry.npmjs.org/snapsvg/-/snapsvg-0.5.1.tgz",
      "integrity": "sha1-DK9Sx5GJopB0b8RGzF6GP2vd3+M=",
      "requires": {
        "eve": "~0.5.1"
      }
    }
  }
}
